// !$*UTF8*$!
{
	archiveVersion = 1;
	classes = {
	};
	objectVersion = 56;
	objects = {

/* Begin PBXBuildFile section */
		99349A822A2D51AA00DDEA7C /* notesApp.swift in Sources */ = {isa = PBXBuildFile; fileRef = 99349A812A2D51AA00DDEA7C /* notesApp.swift */; };
		99349A862A2D51AC00DDEA7C /* Assets.xcassets in Resources */ = {isa = PBXBuildFile; fileRef = 99349A852A2D51AC00DDEA7C /* Assets.xcassets */; };
		99349A892A2D51AC00DDEA7C /* Preview Assets.xcassets in Resources */ = {isa = PBXBuildFile; fileRef = 99349A882A2D51AC00DDEA7C /* Preview Assets.xcassets */; };
		99349A972A2DD1F900DDEA7C /* Note.swift in Sources */ = {isa = PBXBuildFile; fileRef = 99349A962A2DD1F900DDEA7C /* Note.swift */; };
		99349A992A2DD20E00DDEA7C /* NoteController.swift in Sources */ = {isa = PBXBuildFile; fileRef = 99349A982A2DD20E00DDEA7C /* NoteController.swift */; };
		99349A9B2A2DD22D00DDEA7C /* Home.swift in Sources */ = {isa = PBXBuildFile; fileRef = 99349A9A2A2DD22D00DDEA7C /* Home.swift */; };
		99349A9D2A2DD27100DDEA7C /* NoteCard.swift in Sources */ = {isa = PBXBuildFile; fileRef = 99349A9C2A2DD27100DDEA7C /* NoteCard.swift */; };
		99349AA32A2DD32600DDEA7C /* Folder.swift in Sources */ = {isa = PBXBuildFile; fileRef = 99349AA22A2DD32600DDEA7C /* Folder.swift */; };
		99349AA52A2DD33700DDEA7C /* FolderController.swift in Sources */ = {isa = PBXBuildFile; fileRef = 99349AA42A2DD33700DDEA7C /* FolderController.swift */; };
		99349AA92A2DD3BB00DDEA7C /* FolderCard.swift in Sources */ = {isa = PBXBuildFile; fileRef = 99349AA82A2DD3BB00DDEA7C /* FolderCard.swift */; };
		99349AAB2A2DD3D000DDEA7C /* Folders.swift in Sources */ = {isa = PBXBuildFile; fileRef = 99349AAA2A2DD3D000DDEA7C /* Folders.swift */; };
/* End PBXBuildFile section */

/* Begin PBXFileReference section */
		99349A7E2A2D51AA00DDEA7C /* notes.app */ = {isa = PBXFileReference; explicitFileType = wrapper.application; includeInIndex = 0; path = notes.app; sourceTree = BUILT_PRODUCTS_DIR; };
		99349A812A2D51AA00DDEA7C /* notesApp.swift */ = {isa = PBXFileReference; lastKnownFileType = sourcecode.swift; path = notesApp.swift; sourceTree = "<group>"; };
		99349A852A2D51AC00DDEA7C /* Assets.xcassets */ = {isa = PBXFileReference; lastKnownFileType = folder.assetcatalog; path = Assets.xcassets; sourceTree = "<group>"; };
		99349A882A2D51AC00DDEA7C /* Preview Assets.xcassets */ = {isa = PBXFileReference; lastKnownFileType = folder.assetcatalog; path = "Preview Assets.xcassets"; sourceTree = "<group>"; };
		99349A962A2DD1F900DDEA7C /* Note.swift */ = {isa = PBXFileReference; lastKnownFileType = sourcecode.swift; path = Note.swift; sourceTree = "<group>"; };
		99349A982A2DD20E00DDEA7C /* NoteController.swift */ = {isa = PBXFileReference; lastKnownFileType = sourcecode.swift; path = NoteController.swift; sourceTree = "<group>"; };
		99349A9A2A2DD22D00DDEA7C /* Home.swift */ = {isa = PBXFileReference; lastKnownFileType = sourcecode.swift; path = Home.swift; sourceTree = "<group>"; };
		99349A9C2A2DD27100DDEA7C /* NoteCard.swift */ = {isa = PBXFileReference; lastKnownFileType = sourcecode.swift; path = NoteCard.swift; sourceTree = "<group>"; };
		99349AA22A2DD32600DDEA7C /* Folder.swift */ = {isa = PBXFileReference; lastKnownFileType = sourcecode.swift; path = Folder.swift; sourceTree = "<group>"; };
		99349AA42A2DD33700DDEA7C /* FolderController.swift */ = {isa = PBXFileReference; lastKnownFileType = sourcecode.swift; path = FolderController.swift; sourceTree = "<group>"; };
		99349AA82A2DD3BB00DDEA7C /* FolderCard.swift */ = {isa = PBXFileReference; lastKnownFileType = sourcecode.swift; path = FolderCard.swift; sourceTree = "<group>"; };
		99349AAA2A2DD3D000DDEA7C /* Folders.swift */ = {isa = PBXFileReference; lastKnownFileType = sourcecode.swift; path = Folders.swift; sourceTree = "<group>"; };
/* End PBXFileReference section */

/* Begin PBXFrameworksBuildPhase section */
		99349A7B2A2D51AA00DDEA7C /* Frameworks */ = {
			isa = PBXFrameworksBuildPhase;
			buildActionMask = 2147483647;
			files = (
			);
			runOnlyForDeploymentPostprocessing = 0;
		};
/* End PBXFrameworksBuildPhase section */

/* Begin PBXGroup section */
		99349A752A2D51AA00DDEA7C = {
			isa = PBXGroup;
			children = (
				99349A802A2D51AA00DDEA7C /* notes */,
				99349A7F2A2D51AA00DDEA7C /* Products */,
			);
			sourceTree = "<group>";
		};
		99349A7F2A2D51AA00DDEA7C /* Products */ = {
			isa = PBXGroup;
			children = (
				99349A7E2A2D51AA00DDEA7C /* notes.app */,
			);
			name = Products;
			sourceTree = "<group>";
		};
		99349A802A2D51AA00DDEA7C /* notes */ = {
			isa = PBXGroup;
			children = (
				99349A9E2A2DD2C500DDEA7C /* folder */,
				99349A8F2A2D531A00DDEA7C /* note */,
				99349A812A2D51AA00DDEA7C /* notesApp.swift */,
				99349A852A2D51AC00DDEA7C /* Assets.xcassets */,
				99349A872A2D51AC00DDEA7C /* Preview Content */,
			);
			path = notes;
			sourceTree = "<group>";
		};
		99349A872A2D51AC00DDEA7C /* Preview Content */ = {
			isa = PBXGroup;
			children = (
				99349A882A2D51AC00DDEA7C /* Preview Assets.xcassets */,
			);
			path = "Preview Content";
			sourceTree = "<group>";
		};
		99349A8F2A2D531A00DDEA7C /* note */ = {
			isa = PBXGroup;
			children = (
				99349A902A2D533100DDEA7C /* model */,
				99349A922A2D534E00DDEA7C /* controller */,
				99349A912A2D534200DDEA7C /* presentation */,
			);
			path = note;
			sourceTree = "<group>";
		};
		99349A902A2D533100DDEA7C /* model */ = {
			isa = PBXGroup;
			children = (
				99349A962A2DD1F900DDEA7C /* Note.swift */,
			);
			path = model;
			sourceTree = "<group>";
		};
		99349A912A2D534200DDEA7C /* presentation */ = {
			isa = PBXGroup;
			children = (
				99349A952A2DD1DD00DDEA7C /* views */,
				99349A942A2DD1CD00DDEA7C /* pages */,
			);
			path = presentation;
			sourceTree = "<group>";
		};
		99349A922A2D534E00DDEA7C /* controller */ = {
			isa = PBXGroup;
			children = (
				99349A982A2DD20E00DDEA7C /* NoteController.swift */,
			);
			path = controller;
			sourceTree = "<group>";
		};
		99349A942A2DD1CD00DDEA7C /* pages */ = {
			isa = PBXGroup;
			children = (
				99349A9A2A2DD22D00DDEA7C /* Home.swift */,
			);
			path = pages;
			sourceTree = "<group>";
		};
		99349A952A2DD1DD00DDEA7C /* views */ = {
			isa = PBXGroup;
			children = (
				99349A9C2A2DD27100DDEA7C /* NoteCard.swift */,
			);
			path = views;
			sourceTree = "<group>";
		};
		99349A9E2A2DD2C500DDEA7C /* folder */ = {
			isa = PBXGroup;
			children = (
				99349A9F2A2DD2D100DDEA7C /* model */,
				99349AA02A2DD2DE00DDEA7C /* controller */,
				99349AA12A2DD2E900DDEA7C /* presentation */,
			);
			path = folder;
			sourceTree = "<group>";
		};
		99349A9F2A2DD2D100DDEA7C /* model */ = {
			isa = PBXGroup;
			children = (
				99349AA22A2DD32600DDEA7C /* Folder.swift */,
			);
			path = model;
			sourceTree = "<group>";
		};
		99349AA02A2DD2DE00DDEA7C /* controller */ = {
			isa = PBXGroup;
			children = (
				99349AA42A2DD33700DDEA7C /* FolderController.swift */,
			);
			path = controller;
			sourceTree = "<group>";
		};
		99349AA12A2DD2E900DDEA7C /* presentation */ = {
			isa = PBXGroup;
			children = (
				99349AA62A2DD39100DDEA7C /* views */,
				99349AA72A2DD39B00DDEA7C /* pages */,
			);
			path = presentation;
			sourceTree = "<group>";
		};
		99349AA62A2DD39100DDEA7C /* views */ = {
			isa = PBXGroup;
			children = (
				99349AA82A2DD3BB00DDEA7C /* FolderCard.swift */,
			);
			path = views;
			sourceTree = "<group>";
		};
		99349AA72A2DD39B00DDEA7C /* pages */ = {
			isa = PBXGroup;
			children = (
				99349AAA2A2DD3D000DDEA7C /* Folders.swift */,
			);
			path = pages;
			sourceTree = "<group>";
		};
/* End PBXGroup section */

/* Begin PBXNativeTarget section */
		99349A7D2A2D51AA00DDEA7C /* notes */ = {
			isa = PBXNativeTarget;
			buildConfigurationList = 99349A8C2A2D51AC00DDEA7C /* Build configuration list for PBXNativeTarget "notes" */;
			buildPhases = (
				99349A7A2A2D51AA00DDEA7C /* Sources */,
				99349A7B2A2D51AA00DDEA7C /* Frameworks */,
				99349A7C2A2D51AA00DDEA7C /* Resources */,
			);
			buildRules = (
			);
			dependencies = (
			);
			name = notes;
			productName = notes;
			productReference = 99349A7E2A2D51AA00DDEA7C /* notes.app */;
			productType = "com.apple.product-type.application";
		};
/* End PBXNativeTarget section */

/* Begin PBXProject section */
		99349A762A2D51AA00DDEA7C /* Project object */ = {
			isa = PBXProject;
			attributes = {
				BuildIndependentTargetsInParallel = 1;
				LastSwiftUpdateCheck = 1430;
				LastUpgradeCheck = 1430;
				TargetAttributes = {
					99349A7D2A2D51AA00DDEA7C = {
						CreatedOnToolsVersion = 14.3;
					};
				};
			};
			buildConfigurationList = 99349A792A2D51AA00DDEA7C /* Build configuration list for PBXProject "notes" */;
			compatibilityVersion = "Xcode 14.0";
			developmentRegion = en;
			hasScannedForEncodings = 0;
			knownRegions = (
				en,
				Base,
			);
			mainGroup = 99349A752A2D51AA00DDEA7C;
			productRefGroup = 99349A7F2A2D51AA00DDEA7C /* Products */;
			projectDirPath = "";
			projectRoot = "";
			targets = (
				99349A7D2A2D51AA00DDEA7C /* notes */,
			);
		};
/* End PBXProject section */

/* Begin PBXResourcesBuildPhase section */
		99349A7C2A2D51AA00DDEA7C /* Resources */ = {
			isa = PBXResourcesBuildPhase;
			buildActionMask = 2147483647;
			files = (
				99349A892A2D51AC00DDEA7C /* Preview Assets.xcassets in Resources */,
				99349A862A2D51AC00DDEA7C /* Assets.xcassets in Resources */,
			);
			runOnlyForDeploymentPostprocessing = 0;
		};
/* End PBXResourcesBuildPhase section */

/* Begin PBXSourcesBuildPhase section */
		99349A7A2A2D51AA00DDEA7C /* Sources */ = {
			isa = PBXSourcesBuildPhase;
			buildActionMask = 2147483647;
			files = (
				99349A822A2D51AA00DDEA7C /* notesApp.swift in Sources */,
				99349AA92A2DD3BB00DDEA7C /* FolderCard.swift in Sources */,
				99349A992A2DD20E00DDEA7C /* NoteController.swift in Sources */,
				99349A9D2A2DD27100DDEA7C /* NoteCard.swift in Sources */,
				99349AAB2A2DD3D000DDEA7C /* Folders.swift in Sources */,
				99349AA52A2DD33700DDEA7C /* FolderController.swift in Sources */,
				99349A9B2A2DD22D00DDEA7C /* Home.swift in Sources */,
				99349A972A2DD1F900DDEA7C /* Note.swift in Sources */,
				99349AA32A2DD32600DDEA7C /* Folder.swift in Sources */,
			);
			runOnlyForDeploymentPostprocessing = 0;
		};
/* End PBXSourcesBuildPhase section */

/* Begin XCBuildConfiguration section */
		99349A8A2A2D51AC00DDEA7C /* Debug */ = {
			isa = XCBuildConfiguration;
			buildSettings = {
				ALWAYS_SEARCH_USER_PATHS = NO;
				CLANG_ANALYZER_NONNULL = YES;
				CLANG_ANALYZER_NUMBER_OBJECT_CONVERSION = YES_AGGRESSIVE;
				CLANG_CXX_LANGUAGE_STANDARD = "gnu++20";
				CLANG_ENABLE_MODULES = YES;
				CLANG_ENABLE_OBJC_ARC = YES;
				CLANG_ENABLE_OBJC_WEAK = YES;
				CLANG_WARN_BLOCK_CAPTURE_AUTORELEASING = YES;
				CLANG_WARN_BOOL_CONVERSION = YES;
				CLANG_WARN_COMMA = YES;
				CLANG_WARN_CONSTANT_CONVERSION = YES;
				CLANG_WARN_DEPRECATED_OBJC_IMPLEMENTATIONS = YES;
				CLANG_WARN_DIRECT_OBJC_ISA_USAGE = YES_ERROR;
				CLANG_WARN_DOCUMENTATION_COMMENTS = YES;
				CLANG_WARN_EMPTY_BODY = YES;
				CLANG_WARN_ENUM_CONVERSION = YES;
				CLANG_WARN_INFINITE_RECURSION = YES;
				CLANG_WARN_INT_CONVERSION = YES;
				CLANG_WARN_NON_LITERAL_NULL_CONVERSION = YES;
				CLANG_WARN_OBJC_IMPLICIT_RETAIN_SELF = YES;
				CLANG_WARN_OBJC_LITERAL_CONVERSION = YES;
				CLANG_WARN_OBJC_ROOT_CLASS = YES_ERROR;
				CLANG_WARN_QUOTED_INCLUDE_IN_FRAMEWORK_HEADER = YES;
				CLANG_WARN_RANGE_LOOP_ANALYSIS = YES;
				CLANG_WARN_STRICT_PROTOTYPES = YES;
				CLANG_WARN_SUSPICIOUS_MOVE = YES;
				CLANG_WARN_UNGUARDED_AVAILABILITY = YES_AGGRESSIVE;
				CLANG_WARN_UNREACHABLE_CODE = YES;
				CLANG_WARN__DUPLICATE_METHOD_MATCH = YES;
				COPY_PHASE_STRIP = NO;
				DEBUG_INFORMATION_FORMAT = dwarf;
				ENABLE_STRICT_OBJC_MSGSEND = YES;
				ENABLE_TESTABILITY = YES;
				GCC_C_LANGUAGE_STANDARD = gnu11;
				GCC_DYNAMIC_NO_PIC = NO;
				GCC_NO_COMMON_BLOCKS = YES;
				GCC_OPTIMIZATION_LEVEL = 0;
				GCC_PREPROCESSOR_DEFINITIONS = (
					"DEBUG=1",
					"$(inherited)",
				);
				GCC_WARN_64_TO_32_BIT_CONVERSION = YES;
				GCC_WARN_ABOUT_RETURN_TYPE = YES_ERROR;
				GCC_WARN_UNDECLARED_SELECTOR = YES;
				GCC_WARN_UNINITIALIZED_AUTOS = YES_AGGRESSIVE;
				GCC_WARN_UNUSED_FUNCTION = YES;
				GCC_WARN_UNUSED_VARIABLE = YES;
				IPHONEOS_DEPLOYMENT_TARGET = 16.4;
				MTL_ENABLE_DEBUG_INFO = INCLUDE_SOURCE;
				MTL_FAST_MATH = YES;
				ONLY_ACTIVE_ARCH = YES;
				SDKROOT = iphoneos;
				SWIFT_ACTIVE_COMPILATION_CONDITIONS = DEBUG;
				SWIFT_OPTIMIZATION_LEVEL = "-Onone";
			};
			name = Debug;
		};
		99349A8B2A2D51AC00DDEA7C /* Release */ = {
			isa = XCBuildConfiguration;
			buildSettings = {
				ALWAYS_SEARCH_USER_PATHS = NO;
				CLANG_ANALYZER_NONNULL = YES;
				CLANG_ANALYZER_NUMBER_OBJECT_CONVERSION = YES_AGGRESSIVE;
				CLANG_CXX_LANGUAGE_STANDARD = "gnu++20";
				CLANG_ENABLE_MODULES = YES;
				CLANG_ENABLE_OBJC_ARC = YES;
				CLANG_ENABLE_OBJC_WEAK = YES;
				CLANG_WARN_BLOCK_CAPTURE_AUTORELEASING = YES;
				CLANG_WARN_BOOL_CONVERSION = YES;
				CLANG_WARN_COMMA = YES;
				CLANG_WARN_CONSTANT_CONVERSION = YES;
				CLANG_WARN_DEPRECATED_OBJC_IMPLEMENTATIONS = YES;
				CLANG_WARN_DIRECT_OBJC_ISA_USAGE = YES_ERROR;
				CLANG_WARN_DOCUMENTATION_COMMENTS = YES;
				CLANG_WARN_EMPTY_BODY = YES;
				CLANG_WARN_ENUM_CONVERSION = YES;
				CLANG_WARN_INFINITE_RECURSION = YES;
				CLANG_WARN_INT_CONVERSION = YES;
				CLANG_WARN_NON_LITERAL_NULL_CONVERSION = YES;
				CLANG_WARN_OBJC_IMPLICIT_RETAIN_SELF = YES;
				CLANG_WARN_OBJC_LITERAL_CONVERSION = YES;
				CLANG_WARN_OBJC_ROOT_CLASS = YES_ERROR;
				CLANG_WARN_QUOTED_INCLUDE_IN_FRAMEWORK_HEADER = YES;
				CLANG_WARN_RANGE_LOOP_ANALYSIS = YES;
				CLANG_WARN_STRICT_PROTOTYPES = YES;
				CLANG_WARN_SUSPICIOUS_MOVE = YES;
				CLANG_WARN_UNGUARDED_AVAILABILITY = YES_AGGRESSIVE;
				CLANG_WARN_UNREACHABLE_CODE = YES;
				CLANG_WARN__DUPLICATE_METHOD_MATCH = YES;
				COPY_PHASE_STRIP = NO;
				DEBUG_INFORMATION_FORMAT = "dwarf-with-dsym";
				ENABLE_NS_ASSERTIONS = NO;
				ENABLE_STRICT_OBJC_MSGSEND = YES;
				GCC_C_LANGUAGE_STANDARD = gnu11;
				GCC_NO_COMMON_BLOCKS = YES;
				GCC_WARN_64_TO_32_BIT_CONVERSION = YES;
				GCC_WARN_ABOUT_RETURN_TYPE = YES_ERROR;
				GCC_WARN_UNDECLARED_SELECTOR = YES;
				GCC_WARN_UNINITIALIZED_AUTOS = YES_AGGRESSIVE;
				GCC_WARN_UNUSED_FUNCTION = YES;
				GCC_WARN_UNUSED_VARIABLE = YES;
				IPHONEOS_DEPLOYMENT_TARGET = 16.4;
				MTL_ENABLE_DEBUG_INFO = NO;
				MTL_FAST_MATH = YES;
				SDKROOT = iphoneos;
				SWIFT_COMPILATION_MODE = wholemodule;
				SWIFT_OPTIMIZATION_LEVEL = "-O";
				VALIDATE_PRODUCT = YES;
			};
			name = Release;
		};
		99349A8D2A2D51AC00DDEA7C /* Debug */ = {
			isa = XCBuildConfiguration;
			buildSettings = {
				ASSETCATALOG_COMPILER_APPICON_NAME = AppIcon;
				ASSETCATALOG_COMPILER_GLOBAL_ACCENT_COLOR_NAME = AccentColor;
				CODE_SIGN_STYLE = Automatic;
				CURRENT_PROJECT_VERSION = 1;
				DEVELOPMENT_ASSET_PATHS = "\"notes/Preview Content\"";
				DEVELOPMENT_TEAM = 8XHASL8U82;
				ENABLE_PREVIEWS = YES;
				GENERATE_INFOPLIST_FILE = YES;
				INFOPLIST_KEY_UIApplicationSceneManifest_Generation = YES;
				INFOPLIST_KEY_UIApplicationSupportsIndirectInputEvents = YES;
				INFOPLIST_KEY_UILaunchScreen_Generation = YES;
				INFOPLIST_KEY_UISupportedInterfaceOrientations_iPad = "UIInterfaceOrientationPortrait UIInterfaceOrientationPortraitUpsideDown UIInterfaceOrientationLandscapeLeft UIInterfaceOrientationLandscapeRight";
				INFOPLIST_KEY_UISupportedInterfaceOrientations_iPhone = "UIInterfaceOrientationPortrait UIInterfaceOrientationLandscapeLeft UIInterfaceOrientationLandscapeRight";
				LD_RUNPATH_SEARCH_PATHS = (
					"$(inherited)",
					"@executable_path/Frameworks",
				);
				MARKETING_VERSION = 1.0;
				PRODUCT_BUNDLE_IDENTIFIER = gyekye.notes;
				PRODUCT_NAME = "$(TARGET_NAME)";
				SUPPORTED_PLATFORMS = "iphoneos iphonesimulator";
				SUPPORTS_MACCATALYST = NO;
				SUPPORTS_MAC_DESIGNED_FOR_IPHONE_IPAD = NO;
				SWIFT_EMIT_LOC_STRINGS = YES;
				SWIFT_VERSION = 5.0;
				TARGETED_DEVICE_FAMILY = 1;
			};
			name = Debug;
		};
		99349A8E2A2D51AC00DDEA7C /* Release */ = {
			isa = XCBuildConfiguration;
			buildSettings = {
				ASSETCATALOG_COMPILER_APPICON_NAME = AppIcon;
				ASSETCATALOG_COMPILER_GLOBAL_ACCENT_COLOR_NAME = AccentColor;
				CODE_SIGN_STYLE = Automatic;
				CURRENT_PROJECT_VERSION = 1;
				DEVELOPMENT_ASSET_PATHS = "\"notes/Preview Content\"";
				DEVELOPMENT_TEAM = 8XHASL8U82;
				ENABLE_PREVIEWS = YES;
				GENERATE_INFOPLIST_FILE = YES;
				INFOPLIST_KEY_UIApplicationSceneManifest_Generation = YES;
				INFOPLIST_KEY_UIApplicationSupportsIndirectInputEvents = YES;
				INFOPLIST_KEY_UILaunchScreen_Generation = YES;
				INFOPLIST_KEY_UISupportedInterfaceOrientations_iPad = "UIInterfaceOrientationPortrait UIInterfaceOrientationPortraitUpsideDown UIInterfaceOrientationLandscapeLeft UIInterfaceOrientationLandscapeRight";
				INFOPLIST_KEY_UISupportedInterfaceOrientations_iPhone = "UIInterfaceOrientationPortrait UIInterfaceOrientationLandscapeLeft UIInterfaceOrientationLandscapeRight";
				LD_RUNPATH_SEARCH_PATHS = (
					"$(inherited)",
					"@executable_path/Frameworks",
				);
				MARKETING_VERSION = 1.0;
				PRODUCT_BUNDLE_IDENTIFIER = gyekye.notes;
				PRODUCT_NAME = "$(TARGET_NAME)";
				SUPPORTED_PLATFORMS = "iphoneos iphonesimulator";
				SUPPORTS_MACCATALYST = NO;
				SUPPORTS_MAC_DESIGNED_FOR_IPHONE_IPAD = NO;
				SWIFT_EMIT_LOC_STRINGS = YES;
				SWIFT_VERSION = 5.0;
				TARGETED_DEVICE_FAMILY = 1;
			};
			name = Release;
		};
/* End XCBuildConfiguration section */

/* Begin XCConfigurationList section */
		99349A792A2D51AA00DDEA7C /* Build configuration list for PBXProject "notes" */ = {
			isa = XCConfigurationList;
			buildConfigurations = (
				99349A8A2A2D51AC00DDEA7C /* Debug */,
				99349A8B2A2D51AC00DDEA7C /* Release */,
			);
			defaultConfigurationIsVisible = 0;
			defaultConfigurationName = Release;
		};
		99349A8C2A2D51AC00DDEA7C /* Build configuration list for PBXNativeTarget "notes" */ = {
			isa = XCConfigurationList;
			buildConfigurations = (
				99349A8D2A2D51AC00DDEA7C /* Debug */,
				99349A8E2A2D51AC00DDEA7C /* Release */,
			);
			defaultConfigurationIsVisible = 0;
			defaultConfigurationName = Release;
		};
/* End XCConfigurationList section */
	};
	rootObject = 99349A762A2D51AA00DDEA7C /* Project object */;
}
